
Microsoft Visual Studio Solution File, Format Version 12.00
# Visual Studio Version 17
VisualStudioVersion = 17.7.34009.444
MinimumVisualStudioVersion = 10.0.40219.1
Project("{FAE04EC0-301F-11D3-BF4B-00C04F79EFBC}") = "MVCWebUI", "MVCWebUI\MVCWebUI.csproj", "{4D8023D6-340E-4828-87B5-34C11CD7F47E}"
EndProject
Global
	GlobalSection(SolutionConfigurationPlatforms) = preSolution
		Debug|Any CPU = Debug|Any CPU
		Release|Any CPU = Release|Any CPU
	EndGlobalSection
	GlobalSection(ProjectConfigurationPlatforms) = postSolution
		{4D8023D6-340E-4828-87B5-34C11CD7F47E}.Debug|Any CPU.ActiveCfg = Debug|Any CPU
		{4D8023D6-340E-4828-87B5-34C11CD7F47E}.Debug|Any CPU.Build.0 = Debug|Any CPU
		{4D8023D6-340E-4828-87B5-34C11CD7F47E}.Release|Any CPU.ActiveCfg = Release|Any CPU
		{4D8023D6-340E-4828-87B5-34C11CD7F47E}.Release|Any CPU.Build.0 = Release|Any CPU
	EndGlobalSection
	GlobalSection(SolutionProperties) = preSolution
		HideSolutionNode = FALSE
	EndGlobalSection
	GlobalSection(ExtensibilityGlobals) = postSolution
		SolutionGuid = {3F0D3E7E-1D10-495F-87DC-C5AC05D3E147}
	EndGlobalSection
EndGlobal
